// !$*UTF8*$!
{
	archiveVersion = 1;
	classes = {
	};
	objectVersion = 50;
	objects = {

/* Begin PBXBuildFile section */
		44E22F1D2225C48C006819FE /* AppDelegate.swift in Sources */ = {isa = PBXBuildFile; fileRef = 44E22F1C2225C48C006819FE /* AppDelegate.swift */; };
		44E22F1F2225C48C006819FE /* ViewController.swift in Sources */ = {isa = PBXBuildFile; fileRef = 44E22F1E2225C48C006819FE /* ViewController.swift */; };
		44E22F222225C48C006819FE /* Main.storyboard in Resources */ = {isa = PBXBuildFile; fileRef = 44E22F202225C48C006819FE /* Main.storyboard */; };
		44E22F242225C48E006819FE /* Assets.xcassets in Resources */ = {isa = PBXBuildFile; fileRef = 44E22F232225C48E006819FE /* Assets.xcassets */; };
		44E22F272225C48E006819FE /* LaunchScreen.storyboard in Resources */ = {isa = PBXBuildFile; fileRef = 44E22F252225C48E006819FE /* LaunchScreen.storyboard */; };
		44E22F322225C48E006819FE /* Lesson10Tests.swift in Sources */ = {isa = PBXBuildFile; fileRef = 44E22F312225C48E006819FE /* Lesson10Tests.swift */; };
		44E22F3D2225C48E006819FE /* Lesson10UITests.swift in Sources */ = {isa = PBXBuildFile; fileRef = 44E22F3C2225C48E006819FE /* Lesson10UITests.swift */; };
		44E22F542225C8AE006819FE /* AlamoFireApiService.swift in Sources */ = {isa = PBXBuildFile; fileRef = 44E22F532225C8AE006819FE /* AlamoFireApiService.swift */; };
		44E22F562225C8D6006819FE /* URLSessionApiService.swift in Sources */ = {isa = PBXBuildFile; fileRef = 44E22F552225C8D6006819FE /* URLSessionApiService.swift */; };
		4F7BE75E958D630136901C6B /* Pods_Lesson10.framework in Frameworks */ = {isa = PBXBuildFile; fileRef = 4AB017909647BA0929FD5AD8 /* Pods_Lesson10.framework */; };
		ABB11FFE834C964285F92667 /* Pods_Lesson10UITests.framework in Frameworks */ = {isa = PBXBuildFile; fileRef = D092ABCF65F120128C2F12EE /* Pods_Lesson10UITests.framework */; };
		FEF00038BB75FC7B8B0A41CE /* Pods_Lesson10Tests.framework in Frameworks */ = {isa = PBXBuildFile; fileRef = 1509E2828FB220F3FE6CE611 /* Pods_Lesson10Tests.framework */; };
/* End PBXBuildFile section */

/* Begin PBXContainerItemProxy section */
		44E22F2E2225C48E006819FE /* PBXContainerItemProxy */ = {
			isa = PBXContainerItemProxy;
			containerPortal = 44E22F112225C48C006819FE /* Project object */;
			proxyType = 1;
			remoteGlobalIDString = 44E22F182225C48C006819FE;
			remoteInfo = Lesson10;
		};
		44E22F392225C48E006819FE /* PBXContainerItemProxy */ = {
			isa = PBXContainerItemProxy;
			containerPortal = 44E22F112225C48C006819FE /* Project object */;
			proxyType = 1;
			remoteGlobalIDString = 44E22F182225C48C006819FE;
			remoteInfo = Lesson10;
		};
/* End PBXContainerItemProxy section */

/* Begin PBXFileReference section */
		1509E2828FB220F3FE6CE611 /* Pods_Lesson10Tests.framework */ = {isa = PBXFileReference; explicitFileType = wrapper.framework; includeInIndex = 0; path = Pods_Lesson10Tests.framework; sourceTree = BUILT_PRODUCTS_DIR; };
		44E22F192225C48C006819FE /* Lesson10.app */ = {isa = PBXFileReference; explicitFileType = wrapper.application; includeInIndex = 0; path = Lesson10.app; sourceTree = BUILT_PRODUCTS_DIR; };
		44E22F1C2225C48C006819FE /* AppDelegate.swift */ = {isa = PBXFileReference; lastKnownFileType = sourcecode.swift; path = AppDelegate.swift; sourceTree = "<group>"; };
		44E22F1E2225C48C006819FE /* ViewController.swift */ = {isa = PBXFileReference; lastKnownFileType = sourcecode.swift; path = ViewController.swift; sourceTree = "<group>"; };
		44E22F212225C48C006819FE /* Base */ = {isa = PBXFileReference; lastKnownFileType = file.storyboard; name = Base; path = Base.lproj/Main.storyboard; sourceTree = "<group>"; };
		44E22F232225C48E006819FE /* Assets.xcassets */ = {isa = PBXFileReference; lastKnownFileType = folder.assetcatalog; path = Assets.xcassets; sourceTree = "<group>"; };
		44E22F262225C48E006819FE /* Base */ = {isa = PBXFileReference; lastKnownFileType = file.storyboard; name = Base; path = Base.lproj/LaunchScreen.storyboard; sourceTree = "<group>"; };
		44E22F282225C48E006819FE /* Info.plist */ = {isa = PBXFileReference; lastKnownFileType = text.plist.xml; path = Info.plist; sourceTree = "<group>"; };
		44E22F2D2225C48E006819FE /* Lesson10Tests.xctest */ = {isa = PBXFileReference; explicitFileType = wrapper.cfbundle; includeInIndex = 0; path = Lesson10Tests.xctest; sourceTree = BUILT_PRODUCTS_DIR; };
		44E22F312225C48E006819FE /* Lesson10Tests.swift */ = {isa = PBXFileReference; lastKnownFileType = sourcecode.swift; path = Lesson10Tests.swift; sourceTree = "<group>"; };
		44E22F332225C48E006819FE /* Info.plist */ = {isa = PBXFileReference; lastKnownFileType = text.plist.xml; path = Info.plist; sourceTree = "<group>"; };
		44E22F382225C48E006819FE /* Lesson10UITests.xctest */ = {isa = PBXFileReference; explicitFileType = wrapper.cfbundle; includeInIndex = 0; path = Lesson10UITests.xctest; sourceTree = BUILT_PRODUCTS_DIR; };
		44E22F3C2225C48E006819FE /* Lesson10UITests.swift */ = {isa = PBXFileReference; lastKnownFileType = sourcecode.swift; path = Lesson10UITests.swift; sourceTree = "<group>"; };
		44E22F3E2225C48E006819FE /* Info.plist */ = {isa = PBXFileReference; lastKnownFileType = text.plist.xml; path = Info.plist; sourceTree = "<group>"; };
		44E22F532225C8AE006819FE /* AlamoFireApiService.swift */ = {isa = PBXFileReference; lastKnownFileType = sourcecode.swift; path = AlamoFireApiService.swift; sourceTree = "<group>"; };
		44E22F552225C8D6006819FE /* URLSessionApiService.swift */ = {isa = PBXFileReference; lastKnownFileType = sourcecode.swift; path = URLSessionApiService.swift; sourceTree = "<group>"; };
		4AB017909647BA0929FD5AD8 /* Pods_Lesson10.framework */ = {isa = PBXFileReference; explicitFileType = wrapper.framework; includeInIndex = 0; path = Pods_Lesson10.framework; sourceTree = BUILT_PRODUCTS_DIR; };
		73E847DCBD1BAF2B9DABA505 /* Pods-Lesson10.debug.xcconfig */ = {isa = PBXFileReference; includeInIndex = 1; lastKnownFileType = text.xcconfig; name = "Pods-Lesson10.debug.xcconfig"; path = "Pods/Target Support Files/Pods-Lesson10/Pods-Lesson10.debug.xcconfig"; sourceTree = "<group>"; };
		82C62645E91D1339EF4C59ED /* Pods-Lesson10Tests.debug.xcconfig */ = {isa = PBXFileReference; includeInIndex = 1; lastKnownFileType = text.xcconfig; name = "Pods-Lesson10Tests.debug.xcconfig"; path = "Pods/Target Support Files/Pods-Lesson10Tests/Pods-Lesson10Tests.debug.xcconfig"; sourceTree = "<group>"; };
		A63AFAB8C85A8AAE413DC639 /* Pods-Lesson10Tests.release.xcconfig */ = {isa = PBXFileReference; includeInIndex = 1; lastKnownFileType = text.xcconfig; name = "Pods-Lesson10Tests.release.xcconfig"; path = "Pods/Target Support Files/Pods-Lesson10Tests/Pods-Lesson10Tests.release.xcconfig"; sourceTree = "<group>"; };
		CEE1433E63E3EE641DAD8963 /* Pods-Lesson10UITests.debug.xcconfig */ = {isa = PBXFileReference; includeInIndex = 1; lastKnownFileType = text.xcconfig; name = "Pods-Lesson10UITests.debug.xcconfig"; path = "Pods/Target Support Files/Pods-Lesson10UITests/Pods-Lesson10UITests.debug.xcconfig"; sourceTree = "<group>"; };
		D092ABCF65F120128C2F12EE /* Pods_Lesson10UITests.framework */ = {isa = PBXFileReference; explicitFileType = wrapper.framework; includeInIndex = 0; path = Pods_Lesson10UITests.framework; sourceTree = BUILT_PRODUCTS_DIR; };
		D7783C7A069BF868237138E7 /* Pods-Lesson10.release.xcconfig */ = {isa = PBXFileReference; includeInIndex = 1; lastKnownFileType = text.xcconfig; name = "Pods-Lesson10.release.xcconfig"; path = "Pods/Target Support Files/Pods-Lesson10/Pods-Lesson10.release.xcconfig"; sourceTree = "<group>"; };
		E9C6CE2C978668189288E01D /* Pods-Lesson10UITests.release.xcconfig */ = {isa = PBXFileReference; includeInIndex = 1; lastKnownFileType = text.xcconfig; name = "Pods-Lesson10UITests.release.xcconfig"; path = "Pods/Target Support Files/Pods-Lesson10UITests/Pods-Lesson10UITests.release.xcconfig"; sourceTree = "<group>"; };
/* End PBXFileReference section */

/* Begin PBXFrameworksBuildPhase section */
		44E22F162225C48C006819FE /* Frameworks */ = {
			isa = PBXFrameworksBuildPhase;
			buildActionMask = 2147483647;
			files = (
				4F7BE75E958D630136901C6B /* Pods_Lesson10.framework in Frameworks */,
			);
			runOnlyForDeploymentPostprocessing = 0;
		};
		44E22F2A2225C48E006819FE /* Frameworks */ = {
			isa = PBXFrameworksBuildPhase;
			buildActionMask = 2147483647;
			files = (
				FEF00038BB75FC7B8B0A41CE /* Pods_Lesson10Tests.framework in Frameworks */,
			);
			runOnlyForDeploymentPostprocessing = 0;
		};
		44E22F352225C48E006819FE /* Frameworks */ = {
			isa = PBXFrameworksBuildPhase;
			buildActionMask = 2147483647;
			files = (
				ABB11FFE834C964285F92667 /* Pods_Lesson10UITests.framework in Frameworks */,
			);
			runOnlyForDeploymentPostprocessing = 0;
		};
/* End PBXFrameworksBuildPhase section */

/* Begin PBXGroup section */
		44E22F102225C48C006819FE = {
			isa = PBXGroup;
			children = (
				44E22F1B2225C48C006819FE /* Lesson10 */,
				44E22F302225C48E006819FE /* Lesson10Tests */,
				44E22F3B2225C48E006819FE /* Lesson10UITests */,
				44E22F1A2225C48C006819FE /* Products */,
				F1F2609A4497B0234AF30D57 /* Pods */,
				FD000D9289B1B642F7FDFFE7 /* Frameworks */,
			);
			sourceTree = "<group>";
		};
		44E22F1A2225C48C006819FE /* Products */ = {
			isa = PBXGroup;
			children = (
				44E22F192225C48C006819FE /* Lesson10.app */,
				44E22F2D2225C48E006819FE /* Lesson10Tests.xctest */,
				44E22F382225C48E006819FE /* Lesson10UITests.xctest */,
			);
			name = Products;
			sourceTree = "<group>";
		};
		44E22F1B2225C48C006819FE /* Lesson10 */ = {
			isa = PBXGroup;
			children = (
				44E22F502225C81F006819FE /* views */,
				44E22F4F2225C817006819FE /* controllers */,
				44E22F4A2225C497006819FE /* model */,
				44E22F1C2225C48C006819FE /* AppDelegate.swift */,
				44E22F202225C48C006819FE /* Main.storyboard */,
				44E22F232225C48E006819FE /* Assets.xcassets */,
				44E22F252225C48E006819FE /* LaunchScreen.storyboard */,
				44E22F282225C48E006819FE /* Info.plist */,
			);
			path = Lesson10;
			sourceTree = "<group>";
		};
		44E22F302225C48E006819FE /* Lesson10Tests */ = {
			isa = PBXGroup;
			children = (
				44E22F312225C48E006819FE /* Lesson10Tests.swift */,
				44E22F332225C48E006819FE /* Info.plist */,
			);
			path = Lesson10Tests;
			sourceTree = "<group>";
		};
		44E22F3B2225C48E006819FE /* Lesson10UITests */ = {
			isa = PBXGroup;
			children = (
				44E22F3C2225C48E006819FE /* Lesson10UITests.swift */,
				44E22F3E2225C48E006819FE /* Info.plist */,
			);
			path = Lesson10UITests;
			sourceTree = "<group>";
		};
		44E22F4A2225C497006819FE /* model */ = {
			isa = PBXGroup;
			children = (
				44E22F552225C8D6006819FE /* URLSessionApiService.swift */,
				44E22F532225C8AE006819FE /* AlamoFireApiService.swift */,
			);
			path = model;
			sourceTree = "<group>";
		};
		44E22F4F2225C817006819FE /* controllers */ = {
			isa = PBXGroup;
			children = (
				44E22F1E2225C48C006819FE /* ViewController.swift */,
			);
			path = controllers;
			sourceTree = "<group>";
		};
		44E22F502225C81F006819FE /* views */ = {
			isa = PBXGroup;
			children = (
			);
			path = views;
			sourceTree = "<group>";
		};
		F1F2609A4497B0234AF30D57 /* Pods */ = {
			isa = PBXGroup;
			children = (
				73E847DCBD1BAF2B9DABA505 /* Pods-Lesson10.debug.xcconfig */,
				D7783C7A069BF868237138E7 /* Pods-Lesson10.release.xcconfig */,
				82C62645E91D1339EF4C59ED /* Pods-Lesson10Tests.debug.xcconfig */,
				A63AFAB8C85A8AAE413DC639 /* Pods-Lesson10Tests.release.xcconfig */,
				CEE1433E63E3EE641DAD8963 /* Pods-Lesson10UITests.debug.xcconfig */,
				E9C6CE2C978668189288E01D /* Pods-Lesson10UITests.release.xcconfig */,
			);
			name = Pods;
			sourceTree = "<group>";
		};
		FD000D9289B1B642F7FDFFE7 /* Frameworks */ = {
			isa = PBXGroup;
			children = (
				4AB017909647BA0929FD5AD8 /* Pods_Lesson10.framework */,
				1509E2828FB220F3FE6CE611 /* Pods_Lesson10Tests.framework */,
				D092ABCF65F120128C2F12EE /* Pods_Lesson10UITests.framework */,
			);
			name = Frameworks;
			sourceTree = "<group>";
		};
/* End PBXGroup section */

/* Begin PBXNativeTarget section */
		44E22F182225C48C006819FE /* Lesson10 */ = {
			isa = PBXNativeTarget;
			buildConfigurationList = 44E22F412225C48E006819FE /* Build configuration list for PBXNativeTarget "Lesson10" */;
			buildPhases = (
				E5FA4972EC2688911D50109A /* [CP] Check Pods Manifest.lock */,
				44E22F152225C48C006819FE /* Sources */,
				44E22F162225C48C006819FE /* Frameworks */,
				44E22F172225C48C006819FE /* Resources */,
				46C7AAEA26A6F60AA97E0ABB /* [CP] Embed Pods Frameworks */,
			);
			buildRules = (
			);
			dependencies = (
			);
			name = Lesson10;
			productName = Lesson10;
			productReference = 44E22F192225C48C006819FE /* Lesson10.app */;
			productType = "com.apple.product-type.application";
		};
		44E22F2C2225C48E006819FE /* Lesson10Tests */ = {
			isa = PBXNativeTarget;
			buildConfigurationList = 44E22F442225C48E006819FE /* Build configuration list for PBXNativeTarget "Lesson10Tests" */;
			buildPhases = (
				0D6B8819CADD34C3E2E6B267 /* [CP] Check Pods Manifest.lock */,
				44E22F292225C48E006819FE /* Sources */,
				44E22F2A2225C48E006819FE /* Frameworks */,
				44E22F2B2225C48E006819FE /* Resources */,
			);
			buildRules = (
			);
			dependencies = (
				44E22F2F2225C48E006819FE /* PBXTargetDependency */,
			);
			name = Lesson10Tests;
			productName = Lesson10Tests;
			productReference = 44E22F2D2225C48E006819FE /* Lesson10Tests.xctest */;
			productType = "com.apple.product-type.bundle.unit-test";
		};
		44E22F372225C48E006819FE /* Lesson10UITests */ = {
			isa = PBXNativeTarget;
			buildConfigurationList = 44E22F472225C48E006819FE /* Build configuration list for PBXNativeTarget "Lesson10UITests" */;
			buildPhases = (
				86E1F2B360B0AF84C8810A05 /* [CP] Check Pods Manifest.lock */,
				44E22F342225C48E006819FE /* Sources */,
				44E22F352225C48E006819FE /* Frameworks */,
				44E22F362225C48E006819FE /* Resources */,
			);
			buildRules = (
			);
			dependencies = (
				44E22F3A2225C48E006819FE /* PBXTargetDependency */,
			);
			name = Lesson10UITests;
			productName = Lesson10UITests;
			productReference = 44E22F382225C48E006819FE /* Lesson10UITests.xctest */;
			productType = "com.apple.product-type.bundle.ui-testing";
		};
/* End PBXNativeTarget section */

/* Begin PBXProject section */
		44E22F112225C48C006819FE /* Project object */ = {
			isa = PBXProject;
			attributes = {
				LastSwiftUpdateCheck = 1010;
				LastUpgradeCheck = 1010;
				ORGANIZATIONNAME = "Make School";
				TargetAttributes = {
					44E22F182225C48C006819FE = {
						CreatedOnToolsVersion = 10.1;
					};
					44E22F2C2225C48E006819FE = {
						CreatedOnToolsVersion = 10.1;
						TestTargetID = 44E22F182225C48C006819FE;
					};
					44E22F372225C48E006819FE = {
						CreatedOnToolsVersion = 10.1;
						TestTargetID = 44E22F182225C48C006819FE;
					};
				};
			};
			buildConfigurationList = 44E22F142225C48C006819FE /* Build configuration list for PBXProject "Lesson10" */;
			compatibilityVersion = "Xcode 9.3";
			developmentRegion = en;
			hasScannedForEncodings = 0;
			knownRegions = (
				en,
				Base,
			);
			mainGroup = 44E22F102225C48C006819FE;
			productRefGroup = 44E22F1A2225C48C006819FE /* Products */;
			projectDirPath = "";
			projectRoot = "";
			targets = (
				44E22F182225C48C006819FE /* Lesson10 */,
				44E22F2C2225C48E006819FE /* Lesson10Tests */,
				44E22F372225C48E006819FE /* Lesson10UITests */,
			);
		};
/* End PBXProject section */

/* Begin PBXResourcesBuildPhase section */
		44E22F172225C48C006819FE /* Resources */ = {
			isa = PBXResourcesBuildPhase;
			buildActionMask = 2147483647;
			files = (
				44E22F272225C48E006819FE /* LaunchScreen.storyboard in Resources */,
				44E22F242225C48E006819FE /* Assets.xcassets in Resources */,
				44E22F222225C48C006819FE /* Main.storyboard in Resources */,
			);
			runOnlyForDeploymentPostprocessing = 0;
		};
		44E22F2B2225C48E006819FE /* Resources */ = {
			isa = PBXResourcesBuildPhase;
			buildActionMask = 2147483647;
			files = (
			);
			runOnlyForDeploymentPostprocessing = 0;
		};
		44E22F362225C48E006819FE /* Resources */ = {
			isa = PBXResourcesBuildPhase;
			buildActionMask = 2147483647;
			files = (
			);
			runOnlyForDeploymentPostprocessing = 0;
		};
/* End PBXResourcesBuildPhase section */

/* Begin PBXShellScriptBuildPhase section */
		0D6B8819CADD34C3E2E6B267 /* [CP] Check Pods Manifest.lock */ = {
			isa = PBXShellScriptBuildPhase;
			buildActionMask = 2147483647;
			files = (
			);
			inputPaths = (
				"${PODS_PODFILE_DIR_PATH}/Podfile.lock",
				"${PODS_ROOT}/Manifest.lock",
			);
			name = "[CP] Check Pods Manifest.lock";
			outputPaths = (
				"$(DERIVED_FILE_DIR)/Pods-Lesson10Tests-checkManifestLockResult.txt",
			);
			runOnlyForDeploymentPostprocessing = 0;
			shellPath = /bin/sh;
			shellScript = "diff \"${PODS_PODFILE_DIR_PATH}/Podfile.lock\" \"${PODS_ROOT}/Manifest.lock\" > /dev/null\nif [ $? != 0 ] ; then\n    # print error to STDERR\n    echo \"error: The sandbox is not in sync with the Podfile.lock. Run 'pod install' or update your CocoaPods installation.\" >&2\n    exit 1\nfi\n# This output is used by Xcode 'outputs' to avoid re-running this script phase.\necho \"SUCCESS\" > \"${SCRIPT_OUTPUT_FILE_0}\"\n";
			showEnvVarsInLog = 0;
		};
		46C7AAEA26A6F60AA97E0ABB /* [CP] Embed Pods Frameworks */ = {
			isa = PBXShellScriptBuildPhase;
			buildActionMask = 2147483647;
			files = (
			);
			inputPaths = (
				"${SRCROOT}/Pods/Target Support Files/Pods-Lesson10/Pods-Lesson10-frameworks.sh",
				"${BUILT_PRODUCTS_DIR}/Alamofire/Alamofire.framework",
			);
			name = "[CP] Embed Pods Frameworks";
			outputPaths = (
				"${TARGET_BUILD_DIR}/${FRAMEWORKS_FOLDER_PATH}/Alamofire.framework",
			);
			runOnlyForDeploymentPostprocessing = 0;
			shellPath = /bin/sh;
			shellScript = "\"${SRCROOT}/Pods/Target Support Files/Pods-Lesson10/Pods-Lesson10-frameworks.sh\"\n";
			showEnvVarsInLog = 0;
		};
		86E1F2B360B0AF84C8810A05 /* [CP] Check Pods Manifest.lock */ = {
			isa = PBXShellScriptBuildPhase;
			buildActionMask = 2147483647;
			files = (
			);
			inputPaths = (
				"${PODS_PODFILE_DIR_PATH}/Podfile.lock",
				"${PODS_ROOT}/Manifest.lock",
			);
			name = "[CP] Check Pods Manifest.lock";
			outputPaths = (
				"$(DERIVED_FILE_DIR)/Pods-Lesson10UITests-checkManifestLockResult.txt",
			);
			runOnlyForDeploymentPostprocessing = 0;
			shellPath = /bin/sh;
			shellScript = "diff \"${PODS_PODFILE_DIR_PATH}/Podfile.lock\" \"${PODS_ROOT}/Manifest.lock\" > /dev/null\nif [ $? != 0 ] ; then\n    # print error to STDERR\n    echo \"error: The sandbox is not in sync with the Podfile.lock. Run 'pod install' or update your CocoaPods installation.\" >&2\n    exit 1\nfi\n# This output is used by Xcode 'outputs' to avoid re-running this script phase.\necho \"SUCCESS\" > \"${SCRIPT_OUTPUT_FILE_0}\"\n";
			showEnvVarsInLog = 0;
		};
		E5FA4972EC2688911D50109A /* [CP] Check Pods Manifest.lock */ = {
			isa = PBXShellScriptBuildPhase;
			buildActionMask = 2147483647;
			files = (
			);
			inputPaths = (
				"${PODS_PODFILE_DIR_PATH}/Podfile.lock",
				"${PODS_ROOT}/Manifest.lock",
			);
			name = "[CP] Check Pods Manifest.lock";
			outputPaths = (
				"$(DERIVED_FILE_DIR)/Pods-Lesson10-checkManifestLockResult.txt",
			);
			runOnlyForDeploymentPostprocessing = 0;
			shellPath = /bin/sh;
			shellScript = "diff \"${PODS_PODFILE_DIR_PATH}/Podfile.lock\" \"${PODS_ROOT}/Manifest.lock\" > /dev/null\nif [ $? != 0 ] ; then\n    # print error to STDERR\n    echo \"error: The sandbox is not in sync with the Podfile.lock. Run 'pod install' or update your CocoaPods installation.\" >&2\n    exit 1\nfi\n# This output is used by Xcode 'outputs' to avoid re-running this script phase.\necho \"SUCCESS\" > \"${SCRIPT_OUTPUT_FILE_0}\"\n";
			showEnvVarsInLog = 0;
		};
/* End PBXShellScriptBuildPhase section */

/* Begin PBXSourcesBuildPhase section */
		44E22F152225C48C006819FE /* Sources */ = {
			isa = PBXSourcesBuildPhase;
			buildActionMask = 2147483647;
			files = (
				44E22F1F2225C48C006819FE /* ViewController.swift in Sources */,
				44E22F1D2225C48C006819FE /* AppDelegate.swift in Sources */,
				44E22F542225C8AE006819FE /* AlamoFireApiService.swift in Sources */,
				44E22F562225C8D6006819FE /* URLSessionApiService.swift in Sources */,
			);
			runOnlyForDeploymentPostprocessing = 0;
		};
		44E22F292225C48E006819FE /* Sources */ = {
			isa = PBXSourcesBuildPhase;
			buildActionMask = 2147483647;
			files = (
				44E22F322225C48E006819FE /* Lesson10Tests.swift in Sources */,
			);
			runOnlyForDeploymentPostprocessing = 0;
		};
		44E22F342225C48E006819FE /* Sources */ = {
			isa = PBXSourcesBuildPhase;
			buildActionMask = 2147483647;
			files = (
				44E22F3D2225C48E006819FE /* Lesson10UITests.swift in Sources */,
			);
			runOnlyForDeploymentPostprocessing = 0;
		};
/* End PBXSourcesBuildPhase section */

/* Begin PBXTargetDependency section */
		44E22F2F2225C48E006819FE /* PBXTargetDependency */ = {
			isa = PBXTargetDependency;
			target = 44E22F182225C48C006819FE /* Lesson10 */;
			targetProxy = 44E22F2E2225C48E006819FE /* PBXContainerItemProxy */;
		};
		44E22F3A2225C48E006819FE /* PBXTargetDependency */ = {
			isa = PBXTargetDependency;
			target = 44E22F182225C48C006819FE /* Lesson10 */;
			targetProxy = 44E22F392225C48E006819FE /* PBXContainerItemProxy */;
		};
/* End PBXTargetDependency section */

/* Begin PBXVariantGroup section */
		44E22F202225C48C006819FE /* Main.storyboard */ = {
			isa = PBXVariantGroup;
			children = (
				44E22F212225C48C006819FE /* Base */,
			);
			name = Main.storyboard;
			sourceTree = "<group>";
		};
		44E22F252225C48E006819FE /* LaunchScreen.storyboard */ = {
			isa = PBXVariantGroup;
			children = (
				44E22F262225C48E006819FE /* Base */,
			);
			name = LaunchScreen.storyboard;
			sourceTree = "<group>";
		};
/* End PBXVariantGroup section */

/* Begin XCBuildConfiguration section */
		44E22F3F2225C48E006819FE /* Debug */ = {
			isa = XCBuildConfiguration;
			buildSettings = {
				ALWAYS_SEARCH_USER_PATHS = NO;
				CLANG_ANALYZER_NONNULL = YES;
				CLANG_ANALYZER_NUMBER_OBJECT_CONVERSION = YES_AGGRESSIVE;
				CLANG_CXX_LANGUAGE_STANDARD = "gnu++14";
				CLANG_CXX_LIBRARY = "libc++";
				CLANG_ENABLE_MODULES = YES;
				CLANG_ENABLE_OBJC_ARC = YES;
				CLANG_ENABLE_OBJC_WEAK = YES;
				CLANG_WARN_BLOCK_CAPTURE_AUTORELEASING = YES;
				CLANG_WARN_BOOL_CONVERSION = YES;
				CLANG_WARN_COMMA = YES;
				CLANG_WARN_CONSTANT_CONVERSION = YES;
				CLANG_WARN_DEPRECATED_OBJC_IMPLEMENTATIONS = YES;
				CLANG_WARN_DIRECT_OBJC_ISA_USAGE = YES_ERROR;
				CLANG_WARN_DOCUMENTATION_COMMENTS = YES;
				CLANG_WARN_EMPTY_BODY = YES;
				CLANG_WARN_ENUM_CONVERSION = YES;
				CLANG_WARN_INFINITE_RECURSION = YES;
				CLANG_WARN_INT_CONVERSION = YES;
				CLANG_WARN_NON_LITERAL_NULL_CONVERSION = YES;
				CLANG_WARN_OBJC_IMPLICIT_RETAIN_SELF = YES;
				CLANG_WARN_OBJC_LITERAL_CONVERSION = YES;
				CLANG_WARN_OBJC_ROOT_CLASS = YES_ERROR;
				CLANG_WARN_RANGE_LOOP_ANALYSIS = YES;
				CLANG_WARN_STRICT_PROTOTYPES = YES;
				CLANG_WARN_SUSPICIOUS_MOVE = YES;
				CLANG_WARN_UNGUARDED_AVAILABILITY = YES_AGGRESSIVE;
				CLANG_WARN_UNREACHABLE_CODE = YES;
				CLANG_WARN__DUPLICATE_METHOD_MATCH = YES;
				CODE_SIGN_IDENTITY = "iPhone Developer";
				COPY_PHASE_STRIP = NO;
				DEBUG_INFORMATION_FORMAT = dwarf;
				ENABLE_STRICT_OBJC_MSGSEND = YES;
				ENABLE_TESTABILITY = YES;
				GCC_C_LANGUAGE_STANDARD = gnu11;
				GCC_DYNAMIC_NO_PIC = NO;
				GCC_NO_COMMON_BLOCKS = YES;
				GCC_OPTIMIZATION_LEVEL = 0;
				GCC_PREPROCESSOR_DEFINITIONS = (
					"DEBUG=1",
					"$(inherited)",
				);
				GCC_WARN_64_TO_32_BIT_CONVERSION = YES;
				GCC_WARN_ABOUT_RETURN_TYPE = YES_ERROR;
				GCC_WARN_UNDECLARED_SELECTOR = YES;
				GCC_WARN_UNINITIALIZED_AUTOS = YES_AGGRESSIVE;
				GCC_WARN_UNUSED_FUNCTION = YES;
				GCC_WARN_UNUSED_VARIABLE = YES;
				IPHONEOS_DEPLOYMENT_TARGET = 12.1;
				MTL_ENABLE_DEBUG_INFO = INCLUDE_SOURCE;
				MTL_FAST_MATH = YES;
				ONLY_ACTIVE_ARCH = YES;
				SDKROOT = iphoneos;
				SWIFT_ACTIVE_COMPILATION_CONDITIONS = DEBUG;
				SWIFT_OPTIMIZATION_LEVEL = "-Onone";
			};
			name = Debug;
		};
		44E22F402225C48E006819FE /* Release */ = {
			isa = XCBuildConfiguration;
			buildSettings = {
				ALWAYS_SEARCH_USER_PATHS = NO;
				CLANG_ANALYZER_NONNULL = YES;
				CLANG_ANALYZER_NUMBER_OBJECT_CONVERSION = YES_AGGRESSIVE;
				CLANG_CXX_LANGUAGE_STANDARD = "gnu++14";
				CLANG_CXX_LIBRARY = "libc++";
				CLANG_ENABLE_MODULES = YES;
				CLANG_ENABLE_OBJC_ARC = YES;
				CLANG_ENABLE_OBJC_WEAK = YES;
				CLANG_WARN_BLOCK_CAPTURE_AUTORELEASING = YES;
				CLANG_WARN_BOOL_CONVERSION = YES;
				CLANG_WARN_COMMA = YES;
				CLANG_WARN_CONSTANT_CONVERSION = YES;
				CLANG_WARN_DEPRECATED_OBJC_IMPLEMENTATIONS = YES;
				CLANG_WARN_DIRECT_OBJC_ISA_USAGE = YES_ERROR;
				CLANG_WARN_DOCUMENTATION_COMMENTS = YES;
				CLANG_WARN_EMPTY_BODY = YES;
				CLANG_WARN_ENUM_CONVERSION = YES;
				CLANG_WARN_INFINITE_RECURSION = YES;
				CLANG_WARN_INT_CONVERSION = YES;
				CLANG_WARN_NON_LITERAL_NULL_CONVERSION = YES;
				CLANG_WARN_OBJC_IMPLICIT_RETAIN_SELF = YES;
				CLANG_WARN_OBJC_LITERAL_CONVERSION = YES;
				CLANG_WARN_OBJC_ROOT_CLASS = YES_ERROR;
				CLANG_WARN_RANGE_LOOP_ANALYSIS = YES;
				CLANG_WARN_STRICT_PROTOTYPES = YES;
				CLANG_WARN_SUSPICIOUS_MOVE = YES;
				CLANG_WARN_UNGUARDED_AVAILABILITY = YES_AGGRESSIVE;
				CLANG_WARN_UNREACHABLE_CODE = YES;
				CLANG_WARN__DUPLICATE_METHOD_MATCH = YES;
				CODE_SIGN_IDENTITY = "iPhone Developer";
				COPY_PHASE_STRIP = NO;
				DEBUG_INFORMATION_FORMAT = "dwarf-with-dsym";
				ENABLE_NS_ASSERTIONS = NO;
				ENABLE_STRICT_OBJC_MSGSEND = YES;
				GCC_C_LANGUAGE_STANDARD = gnu11;
				GCC_NO_COMMON_BLOCKS = YES;
				GCC_WARN_64_TO_32_BIT_CONVERSION = YES;
				GCC_WARN_ABOUT_RETURN_TYPE = YES_ERROR;
				GCC_WARN_UNDECLARED_SELECTOR = YES;
				GCC_WARN_UNINITIALIZED_AUTOS = YES_AGGRESSIVE;
				GCC_WARN_UNUSED_FUNCTION = YES;
				GCC_WARN_UNUSED_VARIABLE = YES;
				IPHONEOS_DEPLOYMENT_TARGET = 12.1;
				MTL_ENABLE_DEBUG_INFO = NO;
				MTL_FAST_MATH = YES;
				SDKROOT = iphoneos;
				SWIFT_COMPILATION_MODE = wholemodule;
				SWIFT_OPTIMIZATION_LEVEL = "-O";
				VALIDATE_PRODUCT = YES;
			};
			name = Release;
		};
		44E22F422225C48E006819FE /* Debug */ = {
			isa = XCBuildConfiguration;
			baseConfigurationReference = 73E847DCBD1BAF2B9DABA505 /* Pods-Lesson10.debug.xcconfig */;
			buildSettings = {
				ASSETCATALOG_COMPILER_APPICON_NAME = AppIcon;
				CODE_SIGN_STYLE = Automatic;
				INFOPLIST_FILE = Lesson10/Info.plist;
				LD_RUNPATH_SEARCH_PATHS = (
					"$(inherited)",
					"@executable_path/Frameworks",
				);
				PRODUCT_BUNDLE_IDENTIFIER = com.vandervision.Lesson10;
				PRODUCT_NAME = "$(TARGET_NAME)";
				SWIFT_VERSION = 4.2;
				TARGETED_DEVICE_FAMILY = "1,2";
			};
			name = Debug;
		};
		44E22F432225C48E006819FE /* Release */ = {
			isa = XCBuildConfiguration;
			baseConfigurationReference = D7783C7A069BF868237138E7 /* Pods-Lesson10.release.xcconfig */;
			buildSettings = {
				ASSETCATALOG_COMPILER_APPICON_NAME = AppIcon;
				CODE_SIGN_STYLE = Automatic;
				INFOPLIST_FILE = Lesson10/Info.plist;
				LD_RUNPATH_SEARCH_PATHS = (
					"$(inherited)",
					"@executable_path/Frameworks",
				);
				PRODUCT_BUNDLE_IDENTIFIER = com.vandervision.Lesson10;
				PRODUCT_NAME = "$(TARGET_NAME)";
				SWIFT_VERSION = 4.2;
				TARGETED_DEVICE_FAMILY = "1,2";
			};
			name = Release;
		};
		44E22F452225C48E006819FE /* Debug */ = {
			isa = XCBuildConfiguration;
			baseConfigurationReference = 82C62645E91D1339EF4C59ED /* Pods-Lesson10Tests.debug.xcconfig */;
			buildSettings = {
				ALWAYS_EMBED_SWIFT_STANDARD_LIBRARIES = YES;
				BUNDLE_LOADER = "$(TEST_HOST)";
				CODE_SIGN_STYLE = Automatic;
				INFOPLIST_FILE = Lesson10Tests/Info.plist;
				LD_RUNPATH_SEARCH_PATHS = (
					"$(inherited)",
					"@executable_path/Frameworks",
					"@loader_path/Frameworks",
				);
				PRODUCT_BUNDLE_IDENTIFIER = com.vandervision.Lesson10Tests;
				PRODUCT_NAME = "$(TARGET_NAME)";
				SWIFT_VERSION = 4.2;
				TARGETED_DEVICE_FAMILY = "1,2";
				TEST_HOST = "$(BUILT_PRODUCTS_DIR)/Lesson10.app/Lesson10";
			};
			name = Debug;
		};
		44E22F462225C48E006819FE /* Release */ = {
			isa = XCBuildConfiguration;
			baseConfigurationReference = A63AFAB8C85A8AAE413DC639 /* Pods-Lesson10Tests.release.xcconfig */;
			buildSettings = {
				ALWAYS_EMBED_SWIFT_STANDARD_LIBRARIES = YES;
				BUNDLE_LOADER = "$(TEST_HOST)";
				CODE_SIGN_STYLE = Automatic;
				INFOPLIST_FILE = Lesson10Tests/Info.plist;
				LD_RUNPATH_SEARCH_PATHS = (
					"$(inherited)",
					"@executable_path/Frameworks",
					"@loader_path/Frameworks",
				);
				PRODUCT_BUNDLE_IDENTIFIER = com.vandervision.Lesson10Tests;
				PRODUCT_NAME = "$(TARGET_NAME)";
				SWIFT_VERSION = 4.2;
				TARGETED_DEVICE_FAMILY = "1,2";
				TEST_HOST = "$(BUILT_PRODUCTS_DIR)/Lesson10.app/Lesson10";
			};
			name = Release;
		};
		44E22F482225C48E006819FE /* Debug */ = {
			isa = XCBuildConfiguration;
			baseConfigurationReference = CEE1433E63E3EE641DAD8963 /* Pods-Lesson10UITests.debug.xcconfig */;
			buildSettings = {
				ALWAYS_EMBED_SWIFT_STANDARD_LIBRARIES = YES;
				CODE_SIGN_STYLE = Automatic;
				INFOPLIST_FILE = Lesson10UITests/Info.plist;
				LD_RUNPATH_SEARCH_PATHS = (
					"$(inherited)",
					"@executable_path/Frameworks",
					"@loader_path/Frameworks",
				);
				PRODUCT_BUNDLE_IDENTIFIER = com.vandervision.Lesson10UITests;
				PRODUCT_NAME = "$(TARGET_NAME)";
				SWIFT_VERSION = 4.2;
				TARGETED_DEVICE_FAMILY = "1,2";
				TEST_TARGET_NAME = Lesson10;
			};
			name = Debug;
		};
		44E22F492225C48E006819FE /* Release */ = {
			isa = XCBuildConfiguration;
			baseConfigurationReference = E9C6CE2C978668189288E01D /* Pods-Lesson10UITests.release.xcconfig */;
			buildSettings = {
				ALWAYS_EMBED_SWIFT_STANDARD_LIBRARIES = YES;
				CODE_SIGN_STYLE = Automatic;
				INFOPLIST_FILE = Lesson10UITests/Info.plist;
				LD_RUNPATH_SEARCH_PATHS = (
					"$(inherited)",
					"@executable_path/Frameworks",
					"@loader_path/Frameworks",
				);
				PRODUCT_BUNDLE_IDENTIFIER = com.vandervision.Lesson10UITests;
				PRODUCT_NAME = "$(TARGET_NAME)";
				SWIFT_VERSION = 4.2;
				TARGETED_DEVICE_FAMILY = "1,2";
				TEST_TARGET_NAME = Lesson10;
			};
			name = Release;
		};
/* End XCBuildConfiguration section */

/* Begin XCConfigurationList section */
		44E22F142225C48C006819FE /* Build configuration list for PBXProject "Lesson10" */ = {
			isa = XCConfigurationList;
			buildConfigurations = (
				44E22F3F2225C48E006819FE /* Debug */,
				44E22F402225C48E006819FE /* Release */,
			);
			defaultConfigurationIsVisible = 0;
			defaultConfigurationName = Release;
		};
		44E22F412225C48E006819FE /* Build configuration list for PBXNativeTarget "Lesson10" */ = {
			isa = XCConfigurationList;
			buildConfigurations = (
				44E22F422225C48E006819FE /* Debug */,
				44E22F432225C48E006819FE /* Release */,
			);
			defaultConfigurationIsVisible = 0;
			defaultConfigurationName = Release;
		};
		44E22F442225C48E006819FE /* Build configuration list for PBXNativeTarget "Lesson10Tests" */ = {
			isa = XCConfigurationList;
			buildConfigurations = (
				44E22F452225C48E006819FE /* Debug */,
				44E22F462225C48E006819FE /* Release */,
			);
			defaultConfigurationIsVisible = 0;
			defaultConfigurationName = Release;
		};
		44E22F472225C48E006819FE /* Build configuration list for PBXNativeTarget "Lesson10UITests" */ = {
			isa = XCConfigurationList;
			buildConfigurations = (
				44E22F482225C48E006819FE /* Debug */,
				44E22F492225C48E006819FE /* Release */,
			);
			defaultConfigurationIsVisible = 0;
			defaultConfigurationName = Release;
		};
/* End XCConfigurationList section */
	};
	rootObject = 44E22F112225C48C006819FE /* Project object */;
}
